
Microsoft Visual Studio Solution File, Format Version 12.00
# Visual Studio 15
VisualStudioVersion = 15.0.28307.421
MinimumVisualStudioVersion = 10.0.40219.1
Project("{FAE04EC0-301F-11D3-BF4B-00C04F79EFBC}") = "AlgoritmiekOefenen", "AlgoritmiekOefenen\AlgoritmiekOefenen.csproj", "{142F4525-C981-4A39-977E-1AB73E826037}"
EndProject
Global
	GlobalSection(SolutionConfigurationPlatforms) = preSolution
		Debug|Any CPU = Debug|Any CPU
		Release|Any CPU = Release|Any CPU
	EndGlobalSection
	GlobalSection(ProjectConfigurationPlatforms) = postSolution
		{142F4525-C981-4A39-977E-1AB73E826037}.Debug|Any CPU.ActiveCfg = Debug|Any CPU
		{142F4525-C981-4A39-977E-1AB73E826037}.Debug|Any CPU.Build.0 = Debug|Any CPU
		{142F4525-C981-4A39-977E-1AB73E826037}.Release|Any CPU.ActiveCfg = Release|Any CPU
		{142F4525-C981-4A39-977E-1AB73E826037}.Release|Any CPU.Build.0 = Release|Any CPU
	EndGlobalSection
	GlobalSection(SolutionProperties) = preSolution
		HideSolutionNode = FALSE
	EndGlobalSection
	GlobalSection(ExtensibilityGlobals) = postSolution
		SolutionGuid = {0651DA1C-E5EC-4CCA-9AD5-E58A1A8FCC59}
	EndGlobalSection
EndGlobal
