
Microsoft Visual Studio Solution File, Format Version 12.00
# Visual Studio 15
VisualStudioVersion = 15.0.28307.421
MinimumVisualStudioVersion = 10.0.40219.1
Project("{FAE04EC0-301F-11D3-BF4B-00C04F79EFBC}") = "Circustrein", "Circustrein\Circustrein.csproj", "{21010238-15D4-4DF8-B5D5-0845C4A985C5}"
EndProject
Project("{FAE04EC0-301F-11D3-BF4B-00C04F79EFBC}") = "CircustreinCode.Test", "CircustreinCode.Test\CircustreinCode.Test.csproj", "{2E14E71F-5469-42B5-AF72-95ABF81384D3}"
EndProject
Global
	GlobalSection(SolutionConfigurationPlatforms) = preSolution
		Debug|Any CPU = Debug|Any CPU
		Release|Any CPU = Release|Any CPU
	EndGlobalSection
	GlobalSection(ProjectConfigurationPlatforms) = postSolution
		{21010238-15D4-4DF8-B5D5-0845C4A985C5}.Debug|Any CPU.ActiveCfg = Debug|Any CPU
		{21010238-15D4-4DF8-B5D5-0845C4A985C5}.Debug|Any CPU.Build.0 = Debug|Any CPU
		{21010238-15D4-4DF8-B5D5-0845C4A985C5}.Release|Any CPU.ActiveCfg = Release|Any CPU
		{21010238-15D4-4DF8-B5D5-0845C4A985C5}.Release|Any CPU.Build.0 = Release|Any CPU
		{2E14E71F-5469-42B5-AF72-95ABF81384D3}.Debug|Any CPU.ActiveCfg = Debug|Any CPU
		{2E14E71F-5469-42B5-AF72-95ABF81384D3}.Debug|Any CPU.Build.0 = Debug|Any CPU
		{2E14E71F-5469-42B5-AF72-95ABF81384D3}.Release|Any CPU.ActiveCfg = Release|Any CPU
		{2E14E71F-5469-42B5-AF72-95ABF81384D3}.Release|Any CPU.Build.0 = Release|Any CPU
	EndGlobalSection
	GlobalSection(SolutionProperties) = preSolution
		HideSolutionNode = FALSE
	EndGlobalSection
	GlobalSection(ExtensibilityGlobals) = postSolution
		SolutionGuid = {5C48F887-7E67-4545-8E63-51229F1DA2A1}
	EndGlobalSection
EndGlobal
