
Microsoft Visual Studio Solution File, Format Version 12.00
# Visual Studio 15
VisualStudioVersion = 15.0.28307.572
MinimumVisualStudioVersion = 10.0.40219.1
Project("{FAE04EC0-301F-11D3-BF4B-00C04F79EFBC}") = "ContainerVervoer", "ContainerVervoer\ContainerVervoer.csproj", "{1235B457-88D0-4B75-815D-47FCF5B4904E}"
	ProjectSection(ProjectDependencies) = postProject
		{820E2F5E-4B20-4832-AEF3-C31E0655EE7B} = {820E2F5E-4B20-4832-AEF3-C31E0655EE7B}
	EndProjectSection
EndProject
Project("{9A19103F-16F7-4668-BE54-9A1E7A4F7556}") = "Logic", "Logic\Logic.csproj", "{820E2F5E-4B20-4832-AEF3-C31E0655EE7B}"
EndProject
Global
	GlobalSection(SolutionConfigurationPlatforms) = preSolution
		Debug|Any CPU = Debug|Any CPU
		Release|Any CPU = Release|Any CPU
	EndGlobalSection
	GlobalSection(ProjectConfigurationPlatforms) = postSolution
		{1235B457-88D0-4B75-815D-47FCF5B4904E}.Debug|Any CPU.ActiveCfg = Debug|Any CPU
		{1235B457-88D0-4B75-815D-47FCF5B4904E}.Debug|Any CPU.Build.0 = Debug|Any CPU
		{1235B457-88D0-4B75-815D-47FCF5B4904E}.Release|Any CPU.ActiveCfg = Release|Any CPU
		{1235B457-88D0-4B75-815D-47FCF5B4904E}.Release|Any CPU.Build.0 = Release|Any CPU
		{820E2F5E-4B20-4832-AEF3-C31E0655EE7B}.Debug|Any CPU.ActiveCfg = Debug|Any CPU
		{820E2F5E-4B20-4832-AEF3-C31E0655EE7B}.Debug|Any CPU.Build.0 = Debug|Any CPU
		{820E2F5E-4B20-4832-AEF3-C31E0655EE7B}.Release|Any CPU.ActiveCfg = Release|Any CPU
		{820E2F5E-4B20-4832-AEF3-C31E0655EE7B}.Release|Any CPU.Build.0 = Release|Any CPU
	EndGlobalSection
	GlobalSection(SolutionProperties) = preSolution
		HideSolutionNode = FALSE
	EndGlobalSection
	GlobalSection(ExtensibilityGlobals) = postSolution
		SolutionGuid = {FE78B570-5E5C-4D27-BA01-45F69A166A00}
	EndGlobalSection
EndGlobal
